
Microsoft Visual Studio Solution File, Format Version 12.00
# Visual Studio Version 17
VisualStudioVersion = 17.2.32519.379
MinimumVisualStudioVersion = 10.0.40219.1
Project("{FAE04EC0-301F-11D3-BF4B-00C04F79EFBC}") = "login and register system", "login and register system\login and register system.csproj", "{DCA5A2D7-6462-45B0-9709-748F7F746B7F}"
EndProject
Global
	GlobalSection(SolutionConfigurationPlatforms) = preSolution
		Debug|Any CPU = Debug|Any CPU
		Release|Any CPU = Release|Any CPU
	EndGlobalSection
	GlobalSection(ProjectConfigurationPlatforms) = postSolution
		{DCA5A2D7-6462-45B0-9709-748F7F746B7F}.Debug|Any CPU.ActiveCfg = Debug|Any CPU
		{DCA5A2D7-6462-45B0-9709-748F7F746B7F}.Debug|Any CPU.Build.0 = Debug|Any CPU
		{DCA5A2D7-6462-45B0-9709-748F7F746B7F}.Release|Any CPU.ActiveCfg = Release|Any CPU
		{DCA5A2D7-6462-45B0-9709-748F7F746B7F}.Release|Any CPU.Build.0 = Release|Any CPU
	EndGlobalSection
	GlobalSection(SolutionProperties) = preSolution
		HideSolutionNode = FALSE
	EndGlobalSection
	GlobalSection(ExtensibilityGlobals) = postSolution
		SolutionGuid = {66EB7873-A8CC-4D00-959D-44A13C8335AD}
	EndGlobalSection
EndGlobal
